
Microsoft Visual Studio Solution File, Format Version 12.00
# Visual Studio Version 17
VisualStudioVersion = 17.4.33110.190
MinimumVisualStudioVersion = 10.0.40219.1
Project("{FAE04EC0-301F-11D3-BF4B-00C04F79EFBC}") = "FileIO", "FileIO\FileIO.csproj", "{F321D647-2992-4C72-A3CC-3DE72D11BA1E}"
EndProject
Global
	GlobalSection(SolutionConfigurationPlatforms) = preSolution
		Debug|Any CPU = Debug|Any CPU
		Release|Any CPU = Release|Any CPU
	EndGlobalSection
	GlobalSection(ProjectConfigurationPlatforms) = postSolution
		{F321D647-2992-4C72-A3CC-3DE72D11BA1E}.Debug|Any CPU.ActiveCfg = Debug|Any CPU
		{F321D647-2992-4C72-A3CC-3DE72D11BA1E}.Debug|Any CPU.Build.0 = Debug|Any CPU
		{F321D647-2992-4C72-A3CC-3DE72D11BA1E}.Release|Any CPU.ActiveCfg = Release|Any CPU
		{F321D647-2992-4C72-A3CC-3DE72D11BA1E}.Release|Any CPU.Build.0 = Release|Any CPU
	EndGlobalSection
	GlobalSection(SolutionProperties) = preSolution
		HideSolutionNode = FALSE
	EndGlobalSection
	GlobalSection(ExtensibilityGlobals) = postSolution
		SolutionGuid = {D9E01A92-C7DB-4908-A80F-37303034BE2C}
	EndGlobalSection
EndGlobal
